
Microsoft Visual Studio Solution File, Format Version 12.00
# Visual Studio 2013
VisualStudioVersion = 12.0.40629.0
MinimumVisualStudioVersion = 10.0.40219.1
Project("{FAE04EC0-301F-11D3-BF4B-00C04F79EFBC}") = "TestDonutRotation", "TestDonutRotation\TestDonutRotation.csproj", "{F8F2DBFC-671E-417D-8EEB-BFCCC7E05D9E}"
EndProject
Project("{FAE04EC0-301F-11D3-BF4B-00C04F79EFBC}") = "Donuts", "DonutOwner\Donuts.csproj", "{D6782406-B9DB-4D48-9D4E-7CA4219E8BD3}"
EndProject
Global
	GlobalSection(SolutionConfigurationPlatforms) = preSolution
		Debug|Any CPU = Debug|Any CPU
		Release|Any CPU = Release|Any CPU
	EndGlobalSection
	GlobalSection(ProjectConfigurationPlatforms) = postSolution
		{F8F2DBFC-671E-417D-8EEB-BFCCC7E05D9E}.Debug|Any CPU.ActiveCfg = Debug|Any CPU
		{F8F2DBFC-671E-417D-8EEB-BFCCC7E05D9E}.Debug|Any CPU.Build.0 = Debug|Any CPU
		{F8F2DBFC-671E-417D-8EEB-BFCCC7E05D9E}.Release|Any CPU.ActiveCfg = Release|Any CPU
		{F8F2DBFC-671E-417D-8EEB-BFCCC7E05D9E}.Release|Any CPU.Build.0 = Release|Any CPU
		{D6782406-B9DB-4D48-9D4E-7CA4219E8BD3}.Debug|Any CPU.ActiveCfg = Debug|Any CPU
		{D6782406-B9DB-4D48-9D4E-7CA4219E8BD3}.Debug|Any CPU.Build.0 = Debug|Any CPU
		{D6782406-B9DB-4D48-9D4E-7CA4219E8BD3}.Release|Any CPU.ActiveCfg = Release|Any CPU
		{D6782406-B9DB-4D48-9D4E-7CA4219E8BD3}.Release|Any CPU.Build.0 = Release|Any CPU
	EndGlobalSection
	GlobalSection(SolutionProperties) = preSolution
		HideSolutionNode = FALSE
	EndGlobalSection
EndGlobal
